<Solution>
  <Project Path="JipperKeyViewer/JipperKeyViewer.csproj" Id="cdc7b262-d8a5-4aa8-ad51-4433c471b6dc" />
  <Project Path="JipperKeyViewer-FileBased/JipperKeyViewer-FileBased.csproj" Id="8F6E4D2C-1A3B-5C7D-9E0F-2468ACE02468" />
  <Project Path="KeyBlocker/KeyBlocker.vcxproj" Id="AF8DD2AC-DCFB-4D7B-B635-C276D5EC7EAD" />
</Solution>
